
Microsoft Visual Studio Solution File, Format Version 12.00
# Visual Studio Version 17
VisualStudioVersion = 17.1.32210.238
MinimumVisualStudioVersion = 10.0.40219.1
Project("{FAE04EC0-301F-11D3-BF4B-00C04F79EFBC}") = "zgadnijliczhbeee", "zgadnijliczhbeee\zgadnijliczhbeee.csproj", "{5447636D-00F2-4F2C-92A2-6AC18449EE23}"
EndProject
Global
	GlobalSection(SolutionConfigurationPlatforms) = preSolution
		Debug|Any CPU = Debug|Any CPU
		Release|Any CPU = Release|Any CPU
	EndGlobalSection
	GlobalSection(ProjectConfigurationPlatforms) = postSolution
		{5447636D-00F2-4F2C-92A2-6AC18449EE23}.Debug|Any CPU.ActiveCfg = Debug|Any CPU
		{5447636D-00F2-4F2C-92A2-6AC18449EE23}.Debug|Any CPU.Build.0 = Debug|Any CPU
		{5447636D-00F2-4F2C-92A2-6AC18449EE23}.Release|Any CPU.ActiveCfg = Release|Any CPU
		{5447636D-00F2-4F2C-92A2-6AC18449EE23}.Release|Any CPU.Build.0 = Release|Any CPU
	EndGlobalSection
	GlobalSection(SolutionProperties) = preSolution
		HideSolutionNode = FALSE
	EndGlobalSection
	GlobalSection(ExtensibilityGlobals) = postSolution
		SolutionGuid = {ABB450E7-0665-423E-87B2-4C65B54A5EA0}
	EndGlobalSection
EndGlobal
